// !$*UTF8*$!
{
	archiveVersion = 1;
	classes = {
	};
	objectVersion = 55;
	objects = {

/* Begin PBXBuildFile section */
		D21E881E286426F9009BB87D /* Pawn.swift in Sources */ = {isa = PBXBuildFile; fileRef = D21E881D286426F9009BB87D /* Pawn.swift */; };
		D21E882028642874009BB87D /* Bishop.swift in Sources */ = {isa = PBXBuildFile; fileRef = D21E881F28642874009BB87D /* Bishop.swift */; };
		D21E8822286428AD009BB87D /* Rook.swift in Sources */ = {isa = PBXBuildFile; fileRef = D21E8821286428AD009BB87D /* Rook.swift */; };
		D21E8824286428E8009BB87D /* Queen.swift in Sources */ = {isa = PBXBuildFile; fileRef = D21E8823286428E8009BB87D /* Queen.swift */; };
		D21E88262864290C009BB87D /* Knight.swift in Sources */ = {isa = PBXBuildFile; fileRef = D21E88252864290C009BB87D /* Knight.swift */; };
		D21E88322866EFFD009BB87D /* ChessGamePieceInitializeTests.swift in Sources */ = {isa = PBXBuildFile; fileRef = D21E88312866EFFD009BB87D /* ChessGamePieceInitializeTests.swift */; };
		D21E88342866F280009BB87D /* ChessGameUtilityClassesTest.swift in Sources */ = {isa = PBXBuildFile; fileRef = D21E88332866F280009BB87D /* ChessGameUtilityClassesTest.swift */; };
		D21E88362866F4DD009BB87D /* ChessGameRuleManagerTest.swift in Sources */ = {isa = PBXBuildFile; fileRef = D21E88352866F4DD009BB87D /* ChessGameRuleManagerTest.swift */; };
		D2BDB2882860573700A124BE /* AppDelegate.swift in Sources */ = {isa = PBXBuildFile; fileRef = D2BDB2872860573700A124BE /* AppDelegate.swift */; };
		D2BDB28A2860573700A124BE /* SceneDelegate.swift in Sources */ = {isa = PBXBuildFile; fileRef = D2BDB2892860573700A124BE /* SceneDelegate.swift */; };
		D2BDB28C2860573700A124BE /* ViewController.swift in Sources */ = {isa = PBXBuildFile; fileRef = D2BDB28B2860573700A124BE /* ViewController.swift */; };
		D2BDB28F2860573700A124BE /* Main.storyboard in Resources */ = {isa = PBXBuildFile; fileRef = D2BDB28D2860573700A124BE /* Main.storyboard */; };
		D2BDB2912860573900A124BE /* Assets.xcassets in Resources */ = {isa = PBXBuildFile; fileRef = D2BDB2902860573900A124BE /* Assets.xcassets */; };
		D2BDB2942860573900A124BE /* LaunchScreen.storyboard in Resources */ = {isa = PBXBuildFile; fileRef = D2BDB2922860573900A124BE /* LaunchScreen.storyboard */; };
		D2BDB29F2860573900A124BE /* ChessGameTests.swift in Sources */ = {isa = PBXBuildFile; fileRef = D2BDB29E2860573900A124BE /* ChessGameTests.swift */; };
		D2BDB2A92860573900A124BE /* ChessGameUITests.swift in Sources */ = {isa = PBXBuildFile; fileRef = D2BDB2A82860573900A124BE /* ChessGameUITests.swift */; };
		D2BDB2AB2860573900A124BE /* ChessGameUITestsLaunchTests.swift in Sources */ = {isa = PBXBuildFile; fileRef = D2BDB2AA2860573900A124BE /* ChessGameUITestsLaunchTests.swift */; };
		D2BDB2B9286059C100A124BE /* RuleManager.swift in Sources */ = {isa = PBXBuildFile; fileRef = D2BDB2B8286059C100A124BE /* RuleManager.swift */; };
		D2BDB2BB28605ACD00A124BE /* Board.swift in Sources */ = {isa = PBXBuildFile; fileRef = D2BDB2BA28605ACD00A124BE /* Board.swift */; };
		D2BDB2BE28605BB700A124BE /* BasePiece.swift in Sources */ = {isa = PBXBuildFile; fileRef = D2BDB2BD28605BB700A124BE /* BasePiece.swift */; };
		D2BDB2C028605E9B00A124BE /* Point.swift in Sources */ = {isa = PBXBuildFile; fileRef = D2BDB2BF28605E9B00A124BE /* Point.swift */; };
		D2BDB2C228605F6400A124BE /* Utility.swift in Sources */ = {isa = PBXBuildFile; fileRef = D2BDB2C128605F6400A124BE /* Utility.swift */; };
		D2CBF735286979640082463D /* BoardViewController.swift in Sources */ = {isa = PBXBuildFile; fileRef = D2CBF734286979640082463D /* BoardViewController.swift */; };
		D2CBF73D286987E40082463D /* PointLabel.swift in Sources */ = {isa = PBXBuildFile; fileRef = D2CBF73C286987E40082463D /* PointLabel.swift */; };
/* End PBXBuildFile section */

/* Begin PBXContainerItemProxy section */
		D2BDB29B2860573900A124BE /* PBXContainerItemProxy */ = {
			isa = PBXContainerItemProxy;
			containerPortal = D2BDB27C2860573700A124BE /* Project object */;
			proxyType = 1;
			remoteGlobalIDString = D2BDB2832860573700A124BE;
			remoteInfo = ChessGame;
		};
		D2BDB2A52860573900A124BE /* PBXContainerItemProxy */ = {
			isa = PBXContainerItemProxy;
			containerPortal = D2BDB27C2860573700A124BE /* Project object */;
			proxyType = 1;
			remoteGlobalIDString = D2BDB2832860573700A124BE;
			remoteInfo = ChessGame;
		};
/* End PBXContainerItemProxy section */

/* Begin PBXFileReference section */
		D21E881D286426F9009BB87D /* Pawn.swift */ = {isa = PBXFileReference; lastKnownFileType = sourcecode.swift; path = Pawn.swift; sourceTree = "<group>"; };
		D21E881F28642874009BB87D /* Bishop.swift */ = {isa = PBXFileReference; lastKnownFileType = sourcecode.swift; path = Bishop.swift; sourceTree = "<group>"; };
		D21E8821286428AD009BB87D /* Rook.swift */ = {isa = PBXFileReference; lastKnownFileType = sourcecode.swift; path = Rook.swift; sourceTree = "<group>"; };
		D21E8823286428E8009BB87D /* Queen.swift */ = {isa = PBXFileReference; lastKnownFileType = sourcecode.swift; path = Queen.swift; sourceTree = "<group>"; };
		D21E88252864290C009BB87D /* Knight.swift */ = {isa = PBXFileReference; lastKnownFileType = sourcecode.swift; path = Knight.swift; sourceTree = "<group>"; };
		D21E88312866EFFD009BB87D /* ChessGamePieceInitializeTests.swift */ = {isa = PBXFileReference; lastKnownFileType = sourcecode.swift; path = ChessGamePieceInitializeTests.swift; sourceTree = "<group>"; };
		D21E88332866F280009BB87D /* ChessGameUtilityClassesTest.swift */ = {isa = PBXFileReference; lastKnownFileType = sourcecode.swift; path = ChessGameUtilityClassesTest.swift; sourceTree = "<group>"; };
		D21E88352866F4DD009BB87D /* ChessGameRuleManagerTest.swift */ = {isa = PBXFileReference; lastKnownFileType = sourcecode.swift; path = ChessGameRuleManagerTest.swift; sourceTree = "<group>"; };
		D2BDB2842860573700A124BE /* ChessGame.app */ = {isa = PBXFileReference; explicitFileType = wrapper.application; includeInIndex = 0; path = ChessGame.app; sourceTree = BUILT_PRODUCTS_DIR; };
		D2BDB2872860573700A124BE /* AppDelegate.swift */ = {isa = PBXFileReference; lastKnownFileType = sourcecode.swift; path = AppDelegate.swift; sourceTree = "<group>"; };
		D2BDB2892860573700A124BE /* SceneDelegate.swift */ = {isa = PBXFileReference; lastKnownFileType = sourcecode.swift; path = SceneDelegate.swift; sourceTree = "<group>"; };
		D2BDB28B2860573700A124BE /* ViewController.swift */ = {isa = PBXFileReference; lastKnownFileType = sourcecode.swift; path = ViewController.swift; sourceTree = "<group>"; };
		D2BDB28E2860573700A124BE /* Base */ = {isa = PBXFileReference; lastKnownFileType = file.storyboard; name = Base; path = Base.lproj/Main.storyboard; sourceTree = "<group>"; };
		D2BDB2902860573900A124BE /* Assets.xcassets */ = {isa = PBXFileReference; lastKnownFileType = folder.assetcatalog; path = Assets.xcassets; sourceTree = "<group>"; };
		D2BDB2932860573900A124BE /* Base */ = {isa = PBXFileReference; lastKnownFileType = file.storyboard; name = Base; path = Base.lproj/LaunchScreen.storyboard; sourceTree = "<group>"; };
		D2BDB2952860573900A124BE /* Info.plist */ = {isa = PBXFileReference; lastKnownFileType = text.plist.xml; path = Info.plist; sourceTree = "<group>"; };
		D2BDB29A2860573900A124BE /* ChessGameTests.xctest */ = {isa = PBXFileReference; explicitFileType = wrapper.cfbundle; includeInIndex = 0; path = ChessGameTests.xctest; sourceTree = BUILT_PRODUCTS_DIR; };
		D2BDB29E2860573900A124BE /* ChessGameTests.swift */ = {isa = PBXFileReference; lastKnownFileType = sourcecode.swift; path = ChessGameTests.swift; sourceTree = "<group>"; };
		D2BDB2A42860573900A124BE /* ChessGameUITests.xctest */ = {isa = PBXFileReference; explicitFileType = wrapper.cfbundle; includeInIndex = 0; path = ChessGameUITests.xctest; sourceTree = BUILT_PRODUCTS_DIR; };
		D2BDB2A82860573900A124BE /* ChessGameUITests.swift */ = {isa = PBXFileReference; lastKnownFileType = sourcecode.swift; path = ChessGameUITests.swift; sourceTree = "<group>"; };
		D2BDB2AA2860573900A124BE /* ChessGameUITestsLaunchTests.swift */ = {isa = PBXFileReference; lastKnownFileType = sourcecode.swift; path = ChessGameUITestsLaunchTests.swift; sourceTree = "<group>"; };
		D2BDB2B8286059C100A124BE /* RuleManager.swift */ = {isa = PBXFileReference; lastKnownFileType = sourcecode.swift; path = RuleManager.swift; sourceTree = "<group>"; };
		D2BDB2BA28605ACD00A124BE /* Board.swift */ = {isa = PBXFileReference; lastKnownFileType = sourcecode.swift; path = Board.swift; sourceTree = "<group>"; };
		D2BDB2BD28605BB700A124BE /* BasePiece.swift */ = {isa = PBXFileReference; lastKnownFileType = sourcecode.swift; path = BasePiece.swift; sourceTree = "<group>"; };
		D2BDB2BF28605E9B00A124BE /* Point.swift */ = {isa = PBXFileReference; lastKnownFileType = sourcecode.swift; path = Point.swift; sourceTree = "<group>"; };
		D2BDB2C128605F6400A124BE /* Utility.swift */ = {isa = PBXFileReference; lastKnownFileType = sourcecode.swift; path = Utility.swift; sourceTree = "<group>"; };
		D2CBF734286979640082463D /* BoardViewController.swift */ = {isa = PBXFileReference; lastKnownFileType = sourcecode.swift; path = BoardViewController.swift; sourceTree = "<group>"; };
		D2CBF73C286987E40082463D /* PointLabel.swift */ = {isa = PBXFileReference; lastKnownFileType = sourcecode.swift; path = PointLabel.swift; sourceTree = "<group>"; };
/* End PBXFileReference section */

/* Begin PBXFrameworksBuildPhase section */
		D2BDB2812860573700A124BE /* Frameworks */ = {
			isa = PBXFrameworksBuildPhase;
			buildActionMask = 2147483647;
			files = (
			);
			runOnlyForDeploymentPostprocessing = 0;
		};
		D2BDB2972860573900A124BE /* Frameworks */ = {
			isa = PBXFrameworksBuildPhase;
			buildActionMask = 2147483647;
			files = (
			);
			runOnlyForDeploymentPostprocessing = 0;
		};
		D2BDB2A12860573900A124BE /* Frameworks */ = {
			isa = PBXFrameworksBuildPhase;
			buildActionMask = 2147483647;
			files = (
			);
			runOnlyForDeploymentPostprocessing = 0;
		};
/* End PBXFrameworksBuildPhase section */

/* Begin PBXGroup section */
		D2BDB27B2860573700A124BE = {
			isa = PBXGroup;
			children = (
				D2BDB2862860573700A124BE /* ChessGame */,
				D2BDB29D2860573900A124BE /* ChessGameTests */,
				D2BDB2A72860573900A124BE /* ChessGameUITests */,
				D2BDB2852860573700A124BE /* Products */,
			);
			sourceTree = "<group>";
		};
		D2BDB2852860573700A124BE /* Products */ = {
			isa = PBXGroup;
			children = (
				D2BDB2842860573700A124BE /* ChessGame.app */,
				D2BDB29A2860573900A124BE /* ChessGameTests.xctest */,
				D2BDB2A42860573900A124BE /* ChessGameUITests.xctest */,
			);
			name = Products;
			sourceTree = "<group>";
		};
		D2BDB2862860573700A124BE /* ChessGame */ = {
			isa = PBXGroup;
			children = (
				D2BDB2872860573700A124BE /* AppDelegate.swift */,
				D2BDB2892860573700A124BE /* SceneDelegate.swift */,
				D2BDB28B2860573700A124BE /* ViewController.swift */,
				D2BDB28D2860573700A124BE /* Main.storyboard */,
				D2BDB2902860573900A124BE /* Assets.xcassets */,
				D2BDB2922860573900A124BE /* LaunchScreen.storyboard */,
				D2BDB2952860573900A124BE /* Info.plist */,
				D2CBF7332869790E0082463D /* Board */,
				D2BDB2B8286059C100A124BE /* RuleManager.swift */,
				D2BDB2C128605F6400A124BE /* Utility.swift */,
				D2BDB2BF28605E9B00A124BE /* Point.swift */,
				D2CBF73C286987E40082463D /* PointLabel.swift */,
				D2BDB2BC28605BA500A124BE /* Pieces */,
			);
			path = ChessGame;
			sourceTree = "<group>";
		};
		D2BDB29D2860573900A124BE /* ChessGameTests */ = {
			isa = PBXGroup;
			children = (
				D2BDB29E2860573900A124BE /* ChessGameTests.swift */,
				D21E88312866EFFD009BB87D /* ChessGamePieceInitializeTests.swift */,
				D21E88332866F280009BB87D /* ChessGameUtilityClassesTest.swift */,
				D21E88352866F4DD009BB87D /* ChessGameRuleManagerTest.swift */,
			);
			path = ChessGameTests;
			sourceTree = "<group>";
		};
		D2BDB2A72860573900A124BE /* ChessGameUITests */ = {
			isa = PBXGroup;
			children = (
				D2BDB2A82860573900A124BE /* ChessGameUITests.swift */,
				D2BDB2AA2860573900A124BE /* ChessGameUITestsLaunchTests.swift */,
			);
			path = ChessGameUITests;
			sourceTree = "<group>";
		};
		D2BDB2BC28605BA500A124BE /* Pieces */ = {
			isa = PBXGroup;
			children = (
				D2BDB2BD28605BB700A124BE /* BasePiece.swift */,
				D21E881D286426F9009BB87D /* Pawn.swift */,
				D21E881F28642874009BB87D /* Bishop.swift */,
				D21E8821286428AD009BB87D /* Rook.swift */,
				D21E8823286428E8009BB87D /* Queen.swift */,
				D21E88252864290C009BB87D /* Knight.swift */,
			);
			path = Pieces;
			sourceTree = "<group>";
		};
		D2CBF7332869790E0082463D /* Board */ = {
			isa = PBXGroup;
			children = (
				D2CBF734286979640082463D /* BoardViewController.swift */,
				D2BDB2BA28605ACD00A124BE /* Board.swift */,
			);
			path = Board;
			sourceTree = "<group>";
		};
/* End PBXGroup section */

/* Begin PBXNativeTarget section */
		D2BDB2832860573700A124BE /* ChessGame */ = {
			isa = PBXNativeTarget;
			buildConfigurationList = D2BDB2AE2860573900A124BE /* Build configuration list for PBXNativeTarget "ChessGame" */;
			buildPhases = (
				D2BDB2802860573700A124BE /* Sources */,
				D2BDB2812860573700A124BE /* Frameworks */,
				D2BDB2822860573700A124BE /* Resources */,
			);
			buildRules = (
			);
			dependencies = (
			);
			name = ChessGame;
			productName = ChessGame;
			productReference = D2BDB2842860573700A124BE /* ChessGame.app */;
			productType = "com.apple.product-type.application";
		};
		D2BDB2992860573900A124BE /* ChessGameTests */ = {
			isa = PBXNativeTarget;
			buildConfigurationList = D2BDB2B12860573900A124BE /* Build configuration list for PBXNativeTarget "ChessGameTests" */;
			buildPhases = (
				D2BDB2962860573900A124BE /* Sources */,
				D2BDB2972860573900A124BE /* Frameworks */,
				D2BDB2982860573900A124BE /* Resources */,
			);
			buildRules = (
			);
			dependencies = (
				D2BDB29C2860573900A124BE /* PBXTargetDependency */,
			);
			name = ChessGameTests;
			productName = ChessGameTests;
			productReference = D2BDB29A2860573900A124BE /* ChessGameTests.xctest */;
			productType = "com.apple.product-type.bundle.unit-test";
		};
		D2BDB2A32860573900A124BE /* ChessGameUITests */ = {
			isa = PBXNativeTarget;
			buildConfigurationList = D2BDB2B42860573900A124BE /* Build configuration list for PBXNativeTarget "ChessGameUITests" */;
			buildPhases = (
				D2BDB2A02860573900A124BE /* Sources */,
				D2BDB2A12860573900A124BE /* Frameworks */,
				D2BDB2A22860573900A124BE /* Resources */,
			);
			buildRules = (
			);
			dependencies = (
				D2BDB2A62860573900A124BE /* PBXTargetDependency */,
			);
			name = ChessGameUITests;
			productName = ChessGameUITests;
			productReference = D2BDB2A42860573900A124BE /* ChessGameUITests.xctest */;
			productType = "com.apple.product-type.bundle.ui-testing";
		};
/* End PBXNativeTarget section */

/* Begin PBXProject section */
		D2BDB27C2860573700A124BE /* Project object */ = {
			isa = PBXProject;
			attributes = {
				BuildIndependentTargetsInParallel = 1;
				LastSwiftUpdateCheck = 1330;
				LastUpgradeCheck = 1330;
				TargetAttributes = {
					D2BDB2832860573700A124BE = {
						CreatedOnToolsVersion = 13.3.1;
					};
					D2BDB2992860573900A124BE = {
						CreatedOnToolsVersion = 13.3.1;
						TestTargetID = D2BDB2832860573700A124BE;
					};
					D2BDB2A32860573900A124BE = {
						CreatedOnToolsVersion = 13.3.1;
						TestTargetID = D2BDB2832860573700A124BE;
					};
				};
			};
			buildConfigurationList = D2BDB27F2860573700A124BE /* Build configuration list for PBXProject "ChessGame" */;
			compatibilityVersion = "Xcode 13.0";
			developmentRegion = en;
			hasScannedForEncodings = 0;
			knownRegions = (
				en,
				Base,
			);
			mainGroup = D2BDB27B2860573700A124BE;
			productRefGroup = D2BDB2852860573700A124BE /* Products */;
			projectDirPath = "";
			projectRoot = "";
			targets = (
				D2BDB2832860573700A124BE /* ChessGame */,
				D2BDB2992860573900A124BE /* ChessGameTests */,
				D2BDB2A32860573900A124BE /* ChessGameUITests */,
			);
		};
/* End PBXProject section */

/* Begin PBXResourcesBuildPhase section */
		D2BDB2822860573700A124BE /* Resources */ = {
			isa = PBXResourcesBuildPhase;
			buildActionMask = 2147483647;
			files = (
				D2BDB2942860573900A124BE /* LaunchScreen.storyboard in Resources */,
				D2BDB2912860573900A124BE /* Assets.xcassets in Resources */,
				D2BDB28F2860573700A124BE /* Main.storyboard in Resources */,
			);
			runOnlyForDeploymentPostprocessing = 0;
		};
		D2BDB2982860573900A124BE /* Resources */ = {
			isa = PBXResourcesBuildPhase;
			buildActionMask = 2147483647;
			files = (
			);
			runOnlyForDeploymentPostprocessing = 0;
		};
		D2BDB2A22860573900A124BE /* Resources */ = {
			isa = PBXResourcesBuildPhase;
			buildActionMask = 2147483647;
			files = (
			);
			runOnlyForDeploymentPostprocessing = 0;
		};
/* End PBXResourcesBuildPhase section */

/* Begin PBXSourcesBuildPhase section */
		D2BDB2802860573700A124BE /* Sources */ = {
			isa = PBXSourcesBuildPhase;
			buildActionMask = 2147483647;
			files = (
				D21E8824286428E8009BB87D /* Queen.swift in Sources */,
				D2BDB28C2860573700A124BE /* ViewController.swift in Sources */,
				D21E8822286428AD009BB87D /* Rook.swift in Sources */,
				D2CBF73D286987E40082463D /* PointLabel.swift in Sources */,
				D2BDB2882860573700A124BE /* AppDelegate.swift in Sources */,
				D2BDB2BB28605ACD00A124BE /* Board.swift in Sources */,
				D2BDB28A2860573700A124BE /* SceneDelegate.swift in Sources */,
				D2BDB2C228605F6400A124BE /* Utility.swift in Sources */,
				D2CBF735286979640082463D /* BoardViewController.swift in Sources */,
				D2BDB2C028605E9B00A124BE /* Point.swift in Sources */,
				D21E88262864290C009BB87D /* Knight.swift in Sources */,
				D21E882028642874009BB87D /* Bishop.swift in Sources */,
				D2BDB2B9286059C100A124BE /* RuleManager.swift in Sources */,
				D21E881E286426F9009BB87D /* Pawn.swift in Sources */,
				D2BDB2BE28605BB700A124BE /* BasePiece.swift in Sources */,
			);
			runOnlyForDeploymentPostprocessing = 0;
		};
		D2BDB2962860573900A124BE /* Sources */ = {
			isa = PBXSourcesBuildPhase;
			buildActionMask = 2147483647;
			files = (
				D21E88362866F4DD009BB87D /* ChessGameRuleManagerTest.swift in Sources */,
				D2BDB29F2860573900A124BE /* ChessGameTests.swift in Sources */,
				D21E88322866EFFD009BB87D /* ChessGamePieceInitializeTests.swift in Sources */,
				D21E88342866F280009BB87D /* ChessGameUtilityClassesTest.swift in Sources */,
			);
			runOnlyForDeploymentPostprocessing = 0;
		};
		D2BDB2A02860573900A124BE /* Sources */ = {
			isa = PBXSourcesBuildPhase;
			buildActionMask = 2147483647;
			files = (
				D2BDB2A92860573900A124BE /* ChessGameUITests.swift in Sources */,
				D2BDB2AB2860573900A124BE /* ChessGameUITestsLaunchTests.swift in Sources */,
			);
			runOnlyForDeploymentPostprocessing = 0;
		};
/* End PBXSourcesBuildPhase section */

/* Begin PBXTargetDependency section */
		D2BDB29C2860573900A124BE /* PBXTargetDependency */ = {
			isa = PBXTargetDependency;
			target = D2BDB2832860573700A124BE /* ChessGame */;
			targetProxy = D2BDB29B2860573900A124BE /* PBXContainerItemProxy */;
		};
		D2BDB2A62860573900A124BE /* PBXTargetDependency */ = {
			isa = PBXTargetDependency;
			target = D2BDB2832860573700A124BE /* ChessGame */;
			targetProxy = D2BDB2A52860573900A124BE /* PBXContainerItemProxy */;
		};
/* End PBXTargetDependency section */

/* Begin PBXVariantGroup section */
		D2BDB28D2860573700A124BE /* Main.storyboard */ = {
			isa = PBXVariantGroup;
			children = (
				D2BDB28E2860573700A124BE /* Base */,
			);
			name = Main.storyboard;
			sourceTree = "<group>";
		};
		D2BDB2922860573900A124BE /* LaunchScreen.storyboard */ = {
			isa = PBXVariantGroup;
			children = (
				D2BDB2932860573900A124BE /* Base */,
			);
			name = LaunchScreen.storyboard;
			sourceTree = "<group>";
		};
/* End PBXVariantGroup section */

/* Begin XCBuildConfiguration section */
		D2BDB2AC2860573900A124BE /* Debug */ = {
			isa = XCBuildConfiguration;
			buildSettings = {
				ALWAYS_SEARCH_USER_PATHS = NO;
				CLANG_ANALYZER_NONNULL = YES;
				CLANG_ANALYZER_NUMBER_OBJECT_CONVERSION = YES_AGGRESSIVE;
				CLANG_CXX_LANGUAGE_STANDARD = "gnu++17";
				CLANG_ENABLE_MODULES = YES;
				CLANG_ENABLE_OBJC_ARC = YES;
				CLANG_ENABLE_OBJC_WEAK = YES;
				CLANG_WARN_BLOCK_CAPTURE_AUTORELEASING = YES;
				CLANG_WARN_BOOL_CONVERSION = YES;
				CLANG_WARN_COMMA = YES;
				CLANG_WARN_CONSTANT_CONVERSION = YES;
				CLANG_WARN_DEPRECATED_OBJC_IMPLEMENTATIONS = YES;
				CLANG_WARN_DIRECT_OBJC_ISA_USAGE = YES_ERROR;
				CLANG_WARN_DOCUMENTATION_COMMENTS = YES;
				CLANG_WARN_EMPTY_BODY = YES;
				CLANG_WARN_ENUM_CONVERSION = YES;
				CLANG_WARN_INFINITE_RECURSION = YES;
				CLANG_WARN_INT_CONVERSION = YES;
				CLANG_WARN_NON_LITERAL_NULL_CONVERSION = YES;
				CLANG_WARN_OBJC_IMPLICIT_RETAIN_SELF = YES;
				CLANG_WARN_OBJC_LITERAL_CONVERSION = YES;
				CLANG_WARN_OBJC_ROOT_CLASS = YES_ERROR;
				CLANG_WARN_QUOTED_INCLUDE_IN_FRAMEWORK_HEADER = YES;
				CLANG_WARN_RANGE_LOOP_ANALYSIS = YES;
				CLANG_WARN_STRICT_PROTOTYPES = YES;
				CLANG_WARN_SUSPICIOUS_MOVE = YES;
				CLANG_WARN_UNGUARDED_AVAILABILITY = YES_AGGRESSIVE;
				CLANG_WARN_UNREACHABLE_CODE = YES;
				CLANG_WARN__DUPLICATE_METHOD_MATCH = YES;
				COPY_PHASE_STRIP = NO;
				DEBUG_INFORMATION_FORMAT = dwarf;
				ENABLE_STRICT_OBJC_MSGSEND = YES;
				ENABLE_TESTABILITY = YES;
				GCC_C_LANGUAGE_STANDARD = gnu11;
				GCC_DYNAMIC_NO_PIC = NO;
				GCC_NO_COMMON_BLOCKS = YES;
				GCC_OPTIMIZATION_LEVEL = 0;
				GCC_PREPROCESSOR_DEFINITIONS = (
					"DEBUG=1",
					"$(inherited)",
				);
				GCC_WARN_64_TO_32_BIT_CONVERSION = YES;
				GCC_WARN_ABOUT_RETURN_TYPE = YES_ERROR;
				GCC_WARN_UNDECLARED_SELECTOR = YES;
				GCC_WARN_UNINITIALIZED_AUTOS = YES_AGGRESSIVE;
				GCC_WARN_UNUSED_FUNCTION = YES;
				GCC_WARN_UNUSED_VARIABLE = YES;
				IPHONEOS_DEPLOYMENT_TARGET = 15.4;
				MTL_ENABLE_DEBUG_INFO = INCLUDE_SOURCE;
				MTL_FAST_MATH = YES;
				ONLY_ACTIVE_ARCH = YES;
				SDKROOT = iphoneos;
				SWIFT_ACTIVE_COMPILATION_CONDITIONS = DEBUG;
				SWIFT_OPTIMIZATION_LEVEL = "-Onone";
			};
			name = Debug;
		};
		D2BDB2AD2860573900A124BE /* Release */ = {
			isa = XCBuildConfiguration;
			buildSettings = {
				ALWAYS_SEARCH_USER_PATHS = NO;
				CLANG_ANALYZER_NONNULL = YES;
				CLANG_ANALYZER_NUMBER_OBJECT_CONVERSION = YES_AGGRESSIVE;
				CLANG_CXX_LANGUAGE_STANDARD = "gnu++17";
				CLANG_ENABLE_MODULES = YES;
				CLANG_ENABLE_OBJC_ARC = YES;
				CLANG_ENABLE_OBJC_WEAK = YES;
				CLANG_WARN_BLOCK_CAPTURE_AUTORELEASING = YES;
				CLANG_WARN_BOOL_CONVERSION = YES;
				CLANG_WARN_COMMA = YES;
				CLANG_WARN_CONSTANT_CONVERSION = YES;
				CLANG_WARN_DEPRECATED_OBJC_IMPLEMENTATIONS = YES;
				CLANG_WARN_DIRECT_OBJC_ISA_USAGE = YES_ERROR;
				CLANG_WARN_DOCUMENTATION_COMMENTS = YES;
				CLANG_WARN_EMPTY_BODY = YES;
				CLANG_WARN_ENUM_CONVERSION = YES;
				CLANG_WARN_INFINITE_RECURSION = YES;
				CLANG_WARN_INT_CONVERSION = YES;
				CLANG_WARN_NON_LITERAL_NULL_CONVERSION = YES;
				CLANG_WARN_OBJC_IMPLICIT_RETAIN_SELF = YES;
				CLANG_WARN_OBJC_LITERAL_CONVERSION = YES;
				CLANG_WARN_OBJC_ROOT_CLASS = YES_ERROR;
				CLANG_WARN_QUOTED_INCLUDE_IN_FRAMEWORK_HEADER = YES;
				CLANG_WARN_RANGE_LOOP_ANALYSIS = YES;
				CLANG_WARN_STRICT_PROTOTYPES = YES;
				CLANG_WARN_SUSPICIOUS_MOVE = YES;
				CLANG_WARN_UNGUARDED_AVAILABILITY = YES_AGGRESSIVE;
				CLANG_WARN_UNREACHABLE_CODE = YES;
				CLANG_WARN__DUPLICATE_METHOD_MATCH = YES;
				COPY_PHASE_STRIP = NO;
				DEBUG_INFORMATION_FORMAT = "dwarf-with-dsym";
				ENABLE_NS_ASSERTIONS = NO;
				ENABLE_STRICT_OBJC_MSGSEND = YES;
				GCC_C_LANGUAGE_STANDARD = gnu11;
				GCC_NO_COMMON_BLOCKS = YES;
				GCC_WARN_64_TO_32_BIT_CONVERSION = YES;
				GCC_WARN_ABOUT_RETURN_TYPE = YES_ERROR;
				GCC_WARN_UNDECLARED_SELECTOR = YES;
				GCC_WARN_UNINITIALIZED_AUTOS = YES_AGGRESSIVE;
				GCC_WARN_UNUSED_FUNCTION = YES;
				GCC_WARN_UNUSED_VARIABLE = YES;
				IPHONEOS_DEPLOYMENT_TARGET = 15.4;
				MTL_ENABLE_DEBUG_INFO = NO;
				MTL_FAST_MATH = YES;
				SDKROOT = iphoneos;
				SWIFT_COMPILATION_MODE = wholemodule;
				SWIFT_OPTIMIZATION_LEVEL = "-O";
				VALIDATE_PRODUCT = YES;
			};
			name = Release;
		};
		D2BDB2AF2860573900A124BE /* Debug */ = {
			isa = XCBuildConfiguration;
			buildSettings = {
				ASSETCATALOG_COMPILER_APPICON_NAME = AppIcon;
				ASSETCATALOG_COMPILER_GLOBAL_ACCENT_COLOR_NAME = AccentColor;
				CODE_SIGN_STYLE = Automatic;
				CURRENT_PROJECT_VERSION = 1;
				GENERATE_INFOPLIST_FILE = YES;
				INFOPLIST_FILE = ChessGame/Info.plist;
				INFOPLIST_KEY_UIApplicationSupportsIndirectInputEvents = YES;
				INFOPLIST_KEY_UILaunchStoryboardName = LaunchScreen;
				INFOPLIST_KEY_UIMainStoryboardFile = Main;
				INFOPLIST_KEY_UISupportedInterfaceOrientations_iPad = "UIInterfaceOrientationPortrait UIInterfaceOrientationPortraitUpsideDown UIInterfaceOrientationLandscapeLeft UIInterfaceOrientationLandscapeRight";
				INFOPLIST_KEY_UISupportedInterfaceOrientations_iPhone = "UIInterfaceOrientationPortrait UIInterfaceOrientationLandscapeLeft UIInterfaceOrientationLandscapeRight";
				LD_RUNPATH_SEARCH_PATHS = (
					"$(inherited)",
					"@executable_path/Frameworks",
				);
				MARKETING_VERSION = 1.0;
				PRODUCT_BUNDLE_IDENTIFIER = com.hochang.ChessGame;
				PRODUCT_NAME = "$(TARGET_NAME)";
				SWIFT_EMIT_LOC_STRINGS = YES;
				SWIFT_VERSION = 5.0;
				TARGETED_DEVICE_FAMILY = "1,2";
			};
			name = Debug;
		};
		D2BDB2B02860573900A124BE /* Release */ = {
			isa = XCBuildConfiguration;
			buildSettings = {
				ASSETCATALOG_COMPILER_APPICON_NAME = AppIcon;
				ASSETCATALOG_COMPILER_GLOBAL_ACCENT_COLOR_NAME = AccentColor;
				CODE_SIGN_STYLE = Automatic;
				CURRENT_PROJECT_VERSION = 1;
				GENERATE_INFOPLIST_FILE = YES;
				INFOPLIST_FILE = ChessGame/Info.plist;
				INFOPLIST_KEY_UIApplicationSupportsIndirectInputEvents = YES;
				INFOPLIST_KEY_UILaunchStoryboardName = LaunchScreen;
				INFOPLIST_KEY_UIMainStoryboardFile = Main;
				INFOPLIST_KEY_UISupportedInterfaceOrientations_iPad = "UIInterfaceOrientationPortrait UIInterfaceOrientationPortraitUpsideDown UIInterfaceOrientationLandscapeLeft UIInterfaceOrientationLandscapeRight";
				INFOPLIST_KEY_UISupportedInterfaceOrientations_iPhone = "UIInterfaceOrientationPortrait UIInterfaceOrientationLandscapeLeft UIInterfaceOrientationLandscapeRight";
				LD_RUNPATH_SEARCH_PATHS = (
					"$(inherited)",
					"@executable_path/Frameworks",
				);
				MARKETING_VERSION = 1.0;
				PRODUCT_BUNDLE_IDENTIFIER = com.hochang.ChessGame;
				PRODUCT_NAME = "$(TARGET_NAME)";
				SWIFT_EMIT_LOC_STRINGS = YES;
				SWIFT_VERSION = 5.0;
				TARGETED_DEVICE_FAMILY = "1,2";
			};
			name = Release;
		};
		D2BDB2B22860573900A124BE /* Debug */ = {
			isa = XCBuildConfiguration;
			buildSettings = {
				ALWAYS_EMBED_SWIFT_STANDARD_LIBRARIES = YES;
				BUNDLE_LOADER = "$(TEST_HOST)";
				CODE_SIGN_STYLE = Automatic;
				CURRENT_PROJECT_VERSION = 1;
				GENERATE_INFOPLIST_FILE = YES;
				IPHONEOS_DEPLOYMENT_TARGET = 15.4;
				MARKETING_VERSION = 1.0;
				PRODUCT_BUNDLE_IDENTIFIER = com.hochang.ChessGameTests;
				PRODUCT_NAME = "$(TARGET_NAME)";
				SWIFT_EMIT_LOC_STRINGS = NO;
				SWIFT_VERSION = 5.0;
				TARGETED_DEVICE_FAMILY = "1,2";
				TEST_HOST = "$(BUILT_PRODUCTS_DIR)/ChessGame.app/ChessGame";
			};
			name = Debug;
		};
		D2BDB2B32860573900A124BE /* Release */ = {
			isa = XCBuildConfiguration;
			buildSettings = {
				ALWAYS_EMBED_SWIFT_STANDARD_LIBRARIES = YES;
				BUNDLE_LOADER = "$(TEST_HOST)";
				CODE_SIGN_STYLE = Automatic;
				CURRENT_PROJECT_VERSION = 1;
				GENERATE_INFOPLIST_FILE = YES;
				IPHONEOS_DEPLOYMENT_TARGET = 15.4;
				MARKETING_VERSION = 1.0;
				PRODUCT_BUNDLE_IDENTIFIER = com.hochang.ChessGameTests;
				PRODUCT_NAME = "$(TARGET_NAME)";
				SWIFT_EMIT_LOC_STRINGS = NO;
				SWIFT_VERSION = 5.0;
				TARGETED_DEVICE_FAMILY = "1,2";
				TEST_HOST = "$(BUILT_PRODUCTS_DIR)/ChessGame.app/ChessGame";
			};
			name = Release;
		};
		D2BDB2B52860573900A124BE /* Debug */ = {
			isa = XCBuildConfiguration;
			buildSettings = {
				ALWAYS_EMBED_SWIFT_STANDARD_LIBRARIES = YES;
				CODE_SIGN_STYLE = Automatic;
				CURRENT_PROJECT_VERSION = 1;
				GENERATE_INFOPLIST_FILE = YES;
				MARKETING_VERSION = 1.0;
				PRODUCT_BUNDLE_IDENTIFIER = com.hochang.ChessGameUITests;
				PRODUCT_NAME = "$(TARGET_NAME)";
				SWIFT_EMIT_LOC_STRINGS = NO;
				SWIFT_VERSION = 5.0;
				TARGETED_DEVICE_FAMILY = "1,2";
				TEST_TARGET_NAME = ChessGame;
			};
			name = Debug;
		};
		D2BDB2B62860573900A124BE /* Release */ = {
			isa = XCBuildConfiguration;
			buildSettings = {
				ALWAYS_EMBED_SWIFT_STANDARD_LIBRARIES = YES;
				CODE_SIGN_STYLE = Automatic;
				CURRENT_PROJECT_VERSION = 1;
				GENERATE_INFOPLIST_FILE = YES;
				MARKETING_VERSION = 1.0;
				PRODUCT_BUNDLE_IDENTIFIER = com.hochang.ChessGameUITests;
				PRODUCT_NAME = "$(TARGET_NAME)";
				SWIFT_EMIT_LOC_STRINGS = NO;
				SWIFT_VERSION = 5.0;
				TARGETED_DEVICE_FAMILY = "1,2";
				TEST_TARGET_NAME = ChessGame;
			};
			name = Release;
		};
/* End XCBuildConfiguration section */

/* Begin XCConfigurationList section */
		D2BDB27F2860573700A124BE /* Build configuration list for PBXProject "ChessGame" */ = {
			isa = XCConfigurationList;
			buildConfigurations = (
				D2BDB2AC2860573900A124BE /* Debug */,
				D2BDB2AD2860573900A124BE /* Release */,
			);
			defaultConfigurationIsVisible = 0;
			defaultConfigurationName = Release;
		};
		D2BDB2AE2860573900A124BE /* Build configuration list for PBXNativeTarget "ChessGame" */ = {
			isa = XCConfigurationList;
			buildConfigurations = (
				D2BDB2AF2860573900A124BE /* Debug */,
				D2BDB2B02860573900A124BE /* Release */,
			);
			defaultConfigurationIsVisible = 0;
			defaultConfigurationName = Release;
		};
		D2BDB2B12860573900A124BE /* Build configuration list for PBXNativeTarget "ChessGameTests" */ = {
			isa = XCConfigurationList;
			buildConfigurations = (
				D2BDB2B22860573900A124BE /* Debug */,
				D2BDB2B32860573900A124BE /* Release */,
			);
			defaultConfigurationIsVisible = 0;
			defaultConfigurationName = Release;
		};
		D2BDB2B42860573900A124BE /* Build configuration list for PBXNativeTarget "ChessGameUITests" */ = {
			isa = XCConfigurationList;
			buildConfigurations = (
				D2BDB2B52860573900A124BE /* Debug */,
				D2BDB2B62860573900A124BE /* Release */,
			);
			defaultConfigurationIsVisible = 0;
			defaultConfigurationName = Release;
		};
/* End XCConfigurationList section */
	};
	rootObject = D2BDB27C2860573700A124BE /* Project object */;
}
